
Microsoft Visual Studio Solution File, Format Version 12.00
# Visual Studio Version 16
VisualStudioVersion = 16.0.31729.503
MinimumVisualStudioVersion = 10.0.40219.1
Project("{FAE04EC0-301F-11D3-BF4B-00C04F79EFBC}") = "WCFService_2Way_20190140052", "WCFService_2Way_20190140052\WCFService_2Way_20190140052.csproj", "{DADA282E-598B-48CE-964F-9ABE53B370E3}"
EndProject
Global
	GlobalSection(SolutionConfigurationPlatforms) = preSolution
		Debug|Any CPU = Debug|Any CPU
		Release|Any CPU = Release|Any CPU
	EndGlobalSection
	GlobalSection(ProjectConfigurationPlatforms) = postSolution
		{DADA282E-598B-48CE-964F-9ABE53B370E3}.Debug|Any CPU.ActiveCfg = Debug|Any CPU
		{DADA282E-598B-48CE-964F-9ABE53B370E3}.Debug|Any CPU.Build.0 = Debug|Any CPU
		{DADA282E-598B-48CE-964F-9ABE53B370E3}.Release|Any CPU.ActiveCfg = Release|Any CPU
		{DADA282E-598B-48CE-964F-9ABE53B370E3}.Release|Any CPU.Build.0 = Release|Any CPU
	EndGlobalSection
	GlobalSection(SolutionProperties) = preSolution
		HideSolutionNode = FALSE
	EndGlobalSection
	GlobalSection(ExtensibilityGlobals) = postSolution
		SolutionGuid = {35220C02-EE3A-4F42-95CB-313F39E304A7}
	EndGlobalSection
EndGlobal
